
Microsoft Visual Studio Solution File, Format Version 12.00
# Visual Studio Version 17
VisualStudioVersion = 17.0.31903.59
MinimumVisualStudioVersion = 10.0.40219.1
Project("{FAE04EC0-301F-11D3-BF4B-00C04F79EFBC}") = "ConsoleApp", "ConsoleApp\ConsoleApp.csproj", "{C0074E51-76A9-4609-96B8-7B2BC02FF5D5}"
EndProject
Project("{FAE04EC0-301F-11D3-BF4B-00C04F79EFBC}") = "ClassLibrary", "ClassLibrary\ClassLibrary.csproj", "{0CBC6FCA-4C61-45B2-9D8B-F57CDAA6064A}"
EndProject
Global
	GlobalSection(SolutionConfigurationPlatforms) = preSolution
		Debug|Any CPU = Debug|Any CPU
		Release|Any CPU = Release|Any CPU
	EndGlobalSection
	GlobalSection(SolutionProperties) = preSolution
		HideSolutionNode = FALSE
	EndGlobalSection
	GlobalSection(ProjectConfigurationPlatforms) = postSolution
		{C0074E51-76A9-4609-96B8-7B2BC02FF5D5}.Debug|Any CPU.ActiveCfg = Debug|Any CPU
		{C0074E51-76A9-4609-96B8-7B2BC02FF5D5}.Debug|Any CPU.Build.0 = Debug|Any CPU
		{C0074E51-76A9-4609-96B8-7B2BC02FF5D5}.Release|Any CPU.ActiveCfg = Release|Any CPU
		{C0074E51-76A9-4609-96B8-7B2BC02FF5D5}.Release|Any CPU.Build.0 = Release|Any CPU
		{0CBC6FCA-4C61-45B2-9D8B-F57CDAA6064A}.Debug|Any CPU.ActiveCfg = Debug|Any CPU
		{0CBC6FCA-4C61-45B2-9D8B-F57CDAA6064A}.Debug|Any CPU.Build.0 = Debug|Any CPU
		{0CBC6FCA-4C61-45B2-9D8B-F57CDAA6064A}.Release|Any CPU.ActiveCfg = Release|Any CPU
		{0CBC6FCA-4C61-45B2-9D8B-F57CDAA6064A}.Release|Any CPU.Build.0 = Release|Any CPU
	EndGlobalSection
EndGlobal
